{
  "name": "@liqd-js/proxy",
  "version": "0.0.1",
  "lockfileVersion": 2,
  "requires": true,
  "packages": {
    "": {
      "name": "@liqd-js/proxy",
      "version": "0.0.1",
      "license": "MIT",
      "dependencies": {
        "@liqd-js/client": "^1.3.1",
        "@liqd-js/client-jsonrpc": "^0.0.7",
        "@liqd-js/server": "^1.2.5",
        "@liqd-js/websocket": "^1.2.0"
      }
    },
    "node_modules/@liqd-js/alg-object-merge": {
      "version": "1.0.1",
      "resolved": "https://registry.npmjs.org/@liqd-js/alg-object-merge/-/alg-object-merge-1.0.1.tgz",
      "integrity": "sha512-pJSINesVaI1ZKoiFNRFPGt5Ku8/EMrOnWb7FpKQhv8IDh+3/rwvb3XXfHoNcw2hBbwc/dWzu0VbS/vprIMvRpA=="
    },
    "node_modules/@liqd-js/client": {
      "version": "1.3.1",
      "resolved": "https://registry.npmjs.org/@liqd-js/client/-/client-1.3.1.tgz",
      "integrity": "sha512-1IknhbGmKHUwujor5OOtXhUOe3Gg5lklWTbx70CHQTWcUeQLLW0pvkH4p9P4xyWSgkyltpcMk3IoX0GzAVhmDQ==",
      "dependencies": {
        "@liqd-js/alg-object-merge": "^1.0.0",
        "@liqd-js/querystring": "^1.1.0"
      }
    },
    "node_modules/@liqd-js/client-jsonrpc": {
      "version": "0.0.7",
      "resolved": "https://registry.npmjs.org/@liqd-js/client-jsonrpc/-/client-jsonrpc-0.0.7.tgz",
      "integrity": "sha512-cB0shzfMb3QVn4tZQQ6Ds2DsSh71RH6kgbZ5d3PmgBzcgykncnNbDHyxRXARUfzYf433oJalsFQbT/o7qo21fQ==",
      "dependencies": {
        "@liqd-js/ejson": "^0.0.2",
        "@liqd-js/options": "^1.0.1",
        "@liqd-js/timed-promise": "^1.0.2",
        "@liqd-js/unique-id": "^1.2.0"
      }
    },
    "node_modules/@liqd-js/ds-heap": {
      "version": "1.0.1",
      "resolved": "https://registry.npmjs.org/@liqd-js/ds-heap/-/ds-heap-1.0.1.tgz",
      "integrity": "sha512-9vHSLN82P3Np2wrDRQHebrQ6N8hwApAJSKJDXOijXGrlN7v/cv2ej6JZqGoqwb314mPtjQofJ2SJTcKS8YpQig=="
    },
    "node_modules/@liqd-js/ejson": {
      "version": "0.0.2",
      "resolved": "https://registry.npmjs.org/@liqd-js/ejson/-/ejson-0.0.2.tgz",
      "integrity": "sha512-4kBVG+U55ZgDmrEXcOsDzs6PkQGsgag2Xe/4R+lx6lxifHFora/7YwlAGi7U1RIkjLRMoVPW4wJ9eQwpKMZvKw=="
    },
    "node_modules/@liqd-js/http-body-parser": {
      "version": "1.0.0",
      "resolved": "https://registry.npmjs.org/@liqd-js/http-body-parser/-/http-body-parser-1.0.0.tgz",
      "integrity": "sha512-y8b0aKeC3jhjYEm+E0l+ao9hnUBpkFIdiFwRkb6yi60c36xCplJNpB/YinM3AasjZh3DgBxZ91ntasuUrETl+A==",
      "dependencies": {
        "@liqd-js/http-header-parser": "^1.0.2",
        "@liqd-js/multibuffer": "^1.1.0",
        "@liqd-js/querystring": "^1.0.0"
      }
    },
    "node_modules/@liqd-js/http-header-parser": {
      "version": "1.0.2",
      "resolved": "https://registry.npmjs.org/@liqd-js/http-header-parser/-/http-header-parser-1.0.2.tgz",
      "integrity": "sha512-dXTHa2LlvtBLcJjXa4IwKE+kLiH4aD3Flc9O5dGn6FQVDHYF2AxJIWvvKgk1auU8jhlKNRuOdP1TmhTHb/P9ZQ=="
    },
    "node_modules/@liqd-js/multibuffer": {
      "version": "1.1.0",
      "resolved": "https://registry.npmjs.org/@liqd-js/multibuffer/-/multibuffer-1.1.0.tgz",
      "integrity": "sha512-nFRGyP3tSugMoIaASOOtfvd7iORseOWou0FgFtqWiy9ez/Asf86AFXy20/Roe4yTieNVmWhcSbZ34Nqymt7vVQ=="
    },
    "node_modules/@liqd-js/options": {
      "version": "1.0.2",
      "resolved": "https://registry.npmjs.org/@liqd-js/options/-/options-1.0.2.tgz",
      "integrity": "sha512-59sUXr5KlTB07SKttRPJC++kCxbxkKyrBWzjhORpCm8k/DJpGC2JpCKBusNpNrRxSDyjimhjavFEhwKja9lHcQ=="
    },
    "node_modules/@liqd-js/querystring": {
      "version": "1.3.1",
      "resolved": "https://registry.npmjs.org/@liqd-js/querystring/-/querystring-1.3.1.tgz",
      "integrity": "sha512-yM/rs02WSF9C3aeMrc8BjEwgS5+xnlolSAW8g7UZ15QHIJ1iq6f++tA45MnF35uO1+TOKUNeikQyg6R5lTps0A=="
    },
    "node_modules/@liqd-js/server": {
      "version": "1.2.5",
      "resolved": "https://registry.npmjs.org/@liqd-js/server/-/server-1.2.5.tgz",
      "integrity": "sha512-0NMfVe93h1XWmyufTvuoJf/ng/tvJTJFbAhtqWRbGumiD+GjSsP4v5j+hYfNyVwFGZ9zROT8At42szIDWEQRGA==",
      "dependencies": {
        "@liqd-js/http-body-parser": "^1.0.0",
        "@liqd-js/options": "^1.0.2",
        "@liqd-js/querystring": "^1.3.1",
        "@liqd-js/timed-promise": "^1.1.0",
        "@liqd-js/websocket": "^1.0.1"
      }
    },
    "node_modules/@liqd-js/timed-promise": {
      "version": "1.1.0",
      "resolved": "https://registry.npmjs.org/@liqd-js/timed-promise/-/timed-promise-1.1.0.tgz",
      "integrity": "sha512-nbDeP0ouNuDTpX293WaAkA2uSGUkApp9qKCs/v5VIlkQ/0UO4vQY6COvrtFoncqe3sveOGUBZ/Gg78moDv536g=="
    },
    "node_modules/@liqd-js/timer": {
      "version": "1.0.1",
      "resolved": "https://registry.npmjs.org/@liqd-js/timer/-/timer-1.0.1.tgz",
      "integrity": "sha512-ZefFi4XORbEx7AYZ8ToZ5NfWyMsFwfYUniHrMALHs0A4wauGtiIaVQWlSBxjEm8d9X8vyBizZjmU05zAx8kqqw==",
      "dependencies": {
        "@liqd-js/ds-heap": "^1.0.1"
      }
    },
    "node_modules/@liqd-js/unique-id": {
      "version": "1.2.0",
      "resolved": "https://registry.npmjs.org/@liqd-js/unique-id/-/unique-id-1.2.0.tgz",
      "integrity": "sha512-jL72lXR1JscbhOEKf0zsGD836z+MOdeIQsEhQdDR9oT8QiMUO6Xh7mxf96elcC3JvaPk9GmVMJHoWqK90C6w8w==",
      "dependencies": {
        "@liqd-js/options": "^1.0.1"
      }
    },
    "node_modules/@liqd-js/websocket": {
      "version": "1.2.0",
      "resolved": "https://registry.npmjs.org/@liqd-js/websocket/-/websocket-1.2.0.tgz",
      "integrity": "sha512-pP1JVo1YW5HfbZ4EPMjVfiOc9Iu4yW6Hs1GhdB9vTIHv1O529Z79NeAUyRz7EL2q9YpyFkAxQMq0eWWKf1lJtg==",
      "dependencies": {
        "@liqd-js/multibuffer": "^1.0.2",
        "@liqd-js/options": "^1.0.1",
        "@liqd-js/querystring": "^1.0.0",
        "@liqd-js/timer": "^1.0.1"
      }
    }
  },
  "dependencies": {
    "@liqd-js/alg-object-merge": {
      "version": "1.0.1",
      "resolved": "https://registry.npmjs.org/@liqd-js/alg-object-merge/-/alg-object-merge-1.0.1.tgz",
      "integrity": "sha512-pJSINesVaI1ZKoiFNRFPGt5Ku8/EMrOnWb7FpKQhv8IDh+3/rwvb3XXfHoNcw2hBbwc/dWzu0VbS/vprIMvRpA=="
    },
    "@liqd-js/client": {
      "version": "1.3.1",
      "resolved": "https://registry.npmjs.org/@liqd-js/client/-/client-1.3.1.tgz",
      "integrity": "sha512-1IknhbGmKHUwujor5OOtXhUOe3Gg5lklWTbx70CHQTWcUeQLLW0pvkH4p9P4xyWSgkyltpcMk3IoX0GzAVhmDQ==",
      "requires": {
        "@liqd-js/alg-object-merge": "^1.0.0",
        "@liqd-js/querystring": "^1.1.0"
      }
    },
    "@liqd-js/client-jsonrpc": {
      "version": "0.0.7",
      "resolved": "https://registry.npmjs.org/@liqd-js/client-jsonrpc/-/client-jsonrpc-0.0.7.tgz",
      "integrity": "sha512-cB0shzfMb3QVn4tZQQ6Ds2DsSh71RH6kgbZ5d3PmgBzcgykncnNbDHyxRXARUfzYf433oJalsFQbT/o7qo21fQ==",
      "requires": {
        "@liqd-js/ejson": "^0.0.2",
        "@liqd-js/options": "^1.0.1",
        "@liqd-js/timed-promise": "^1.0.2",
        "@liqd-js/unique-id": "^1.2.0"
      }
    },
    "@liqd-js/ds-heap": {
      "version": "1.0.1",
      "resolved": "https://registry.npmjs.org/@liqd-js/ds-heap/-/ds-heap-1.0.1.tgz",
      "integrity": "sha512-9vHSLN82P3Np2wrDRQHebrQ6N8hwApAJSKJDXOijXGrlN7v/cv2ej6JZqGoqwb314mPtjQofJ2SJTcKS8YpQig=="
    },
    "@liqd-js/ejson": {
      "version": "0.0.2",
      "resolved": "https://registry.npmjs.org/@liqd-js/ejson/-/ejson-0.0.2.tgz",
      "integrity": "sha512-4kBVG+U55ZgDmrEXcOsDzs6PkQGsgag2Xe/4R+lx6lxifHFora/7YwlAGi7U1RIkjLRMoVPW4wJ9eQwpKMZvKw=="
    },
    "@liqd-js/http-body-parser": {
      "version": "1.0.0",
      "resolved": "https://registry.npmjs.org/@liqd-js/http-body-parser/-/http-body-parser-1.0.0.tgz",
      "integrity": "sha512-y8b0aKeC3jhjYEm+E0l+ao9hnUBpkFIdiFwRkb6yi60c36xCplJNpB/YinM3AasjZh3DgBxZ91ntasuUrETl+A==",
      "requires": {
        "@liqd-js/http-header-parser": "^1.0.2",
        "@liqd-js/multibuffer": "^1.1.0",
        "@liqd-js/querystring": "^1.0.0"
      }
    },
    "@liqd-js/http-header-parser": {
      "version": "1.0.2",
      "resolved": "https://registry.npmjs.org/@liqd-js/http-header-parser/-/http-header-parser-1.0.2.tgz",
      "integrity": "sha512-dXTHa2LlvtBLcJjXa4IwKE+kLiH4aD3Flc9O5dGn6FQVDHYF2AxJIWvvKgk1auU8jhlKNRuOdP1TmhTHb/P9ZQ=="
    },
    "@liqd-js/multibuffer": {
      "version": "1.1.0",
      "resolved": "https://registry.npmjs.org/@liqd-js/multibuffer/-/multibuffer-1.1.0.tgz",
      "integrity": "sha512-nFRGyP3tSugMoIaASOOtfvd7iORseOWou0FgFtqWiy9ez/Asf86AFXy20/Roe4yTieNVmWhcSbZ34Nqymt7vVQ=="
    },
    "@liqd-js/options": {
      "version": "1.0.2",
      "resolved": "https://registry.npmjs.org/@liqd-js/options/-/options-1.0.2.tgz",
      "integrity": "sha512-59sUXr5KlTB07SKttRPJC++kCxbxkKyrBWzjhORpCm8k/DJpGC2JpCKBusNpNrRxSDyjimhjavFEhwKja9lHcQ=="
    },
    "@liqd-js/querystring": {
      "version": "1.3.1",
      "resolved": "https://registry.npmjs.org/@liqd-js/querystring/-/querystring-1.3.1.tgz",
      "integrity": "sha512-yM/rs02WSF9C3aeMrc8BjEwgS5+xnlolSAW8g7UZ15QHIJ1iq6f++tA45MnF35uO1+TOKUNeikQyg6R5lTps0A=="
    },
    "@liqd-js/server": {
      "version": "1.2.5",
      "resolved": "https://registry.npmjs.org/@liqd-js/server/-/server-1.2.5.tgz",
      "integrity": "sha512-0NMfVe93h1XWmyufTvuoJf/ng/tvJTJFbAhtqWRbGumiD+GjSsP4v5j+hYfNyVwFGZ9zROT8At42szIDWEQRGA==",
      "requires": {
        "@liqd-js/http-body-parser": "^1.0.0",
        "@liqd-js/options": "^1.0.2",
        "@liqd-js/querystring": "^1.3.1",
        "@liqd-js/timed-promise": "^1.1.0",
        "@liqd-js/websocket": "^1.0.1"
      }
    },
    "@liqd-js/timed-promise": {
      "version": "1.1.0",
      "resolved": "https://registry.npmjs.org/@liqd-js/timed-promise/-/timed-promise-1.1.0.tgz",
      "integrity": "sha512-nbDeP0ouNuDTpX293WaAkA2uSGUkApp9qKCs/v5VIlkQ/0UO4vQY6COvrtFoncqe3sveOGUBZ/Gg78moDv536g=="
    },
    "@liqd-js/timer": {
      "version": "1.0.1",
      "resolved": "https://registry.npmjs.org/@liqd-js/timer/-/timer-1.0.1.tgz",
      "integrity": "sha512-ZefFi4XORbEx7AYZ8ToZ5NfWyMsFwfYUniHrMALHs0A4wauGtiIaVQWlSBxjEm8d9X8vyBizZjmU05zAx8kqqw==",
      "requires": {
        "@liqd-js/ds-heap": "^1.0.1"
      }
    },
    "@liqd-js/unique-id": {
      "version": "1.2.0",
      "resolved": "https://registry.npmjs.org/@liqd-js/unique-id/-/unique-id-1.2.0.tgz",
      "integrity": "sha512-jL72lXR1JscbhOEKf0zsGD836z+MOdeIQsEhQdDR9oT8QiMUO6Xh7mxf96elcC3JvaPk9GmVMJHoWqK90C6w8w==",
      "requires": {
        "@liqd-js/options": "^1.0.1"
      }
    },
    "@liqd-js/websocket": {
      "version": "1.2.0",
      "resolved": "https://registry.npmjs.org/@liqd-js/websocket/-/websocket-1.2.0.tgz",
      "integrity": "sha512-pP1JVo1YW5HfbZ4EPMjVfiOc9Iu4yW6Hs1GhdB9vTIHv1O529Z79NeAUyRz7EL2q9YpyFkAxQMq0eWWKf1lJtg==",
      "requires": {
        "@liqd-js/multibuffer": "^1.0.2",
        "@liqd-js/options": "^1.0.1",
        "@liqd-js/querystring": "^1.0.0",
        "@liqd-js/timer": "^1.0.1"
      }
    }
  }
}
